
Microsoft Visual Studio Solution File, Format Version 12.00
# Visual Studio Version 17
VisualStudioVersion = 17.8.34309.116
MinimumVisualStudioVersion = 10.0.40219.1
Project("{FAE04EC0-301F-11D3-BF4B-00C04F79EFBC}") = "XComm.Api", "XComm.Api\XComm.Api.csproj", "{F54B397C-7DC1-4788-9EED-837025E3D67C}"
EndProject
Global
	GlobalSection(SolutionConfigurationPlatforms) = preSolution
		Debug|Any CPU = Debug|Any CPU
		Release|Any CPU = Release|Any CPU
	EndGlobalSection
	GlobalSection(ProjectConfigurationPlatforms) = postSolution
		{F54B397C-7DC1-4788-9EED-837025E3D67C}.Debug|Any CPU.ActiveCfg = Debug|Any CPU
		{F54B397C-7DC1-4788-9EED-837025E3D67C}.Debug|Any CPU.Build.0 = Debug|Any CPU
		{F54B397C-7DC1-4788-9EED-837025E3D67C}.Release|Any CPU.ActiveCfg = Release|Any CPU
		{F54B397C-7DC1-4788-9EED-837025E3D67C}.Release|Any CPU.Build.0 = Release|Any CPU
	EndGlobalSection
	GlobalSection(SolutionProperties) = preSolution
		HideSolutionNode = FALSE
	EndGlobalSection
	GlobalSection(ExtensibilityGlobals) = postSolution
		SolutionGuid = {9DCFDB81-5840-4C73-ADB3-47CD1479FFCA}
	EndGlobalSection
EndGlobal
